
Microsoft Visual Studio Solution File, Format Version 12.00
# Visual Studio Version 17
VisualStudioVersion = 17.1.32210.238
MinimumVisualStudioVersion = 10.0.40219.1
Project("{9A19103F-16F7-4668-BE54-9A1E7A4F7556}") = "po-lab1", "po-lab1\po-lab1.csproj", "{8E86BC51-8A92-44B4-9BA0-6EE2E5763B4B}"
EndProject
Project("{9A19103F-16F7-4668-BE54-9A1E7A4F7556}") = "po-lab2", "po-lab2\po-lab2.csproj", "{66CFABA2-80CA-4E8A-8126-27E13FCC900A}"
EndProject
Project("{9A19103F-16F7-4668-BE54-9A1E7A4F7556}") = "po-lab3", "po-lab3\po-lab3.csproj", "{4E63A260-EB74-4EA6-AD7D-4072DB702046}"
EndProject
Project("{9A19103F-16F7-4668-BE54-9A1E7A4F7556}") = "po-lab4", "po-lab4\po-lab4.csproj", "{002063D1-5DD6-456D-9335-B9DECC12A147}"
EndProject
Project("{FAE04EC0-301F-11D3-BF4B-00C04F79EFBC}") = "po-lab5", "po-lab5\po-lab5.csproj", "{9E55A802-0E64-4A6D-A5F7-A7800515BF73}"
EndProject
Global
	GlobalSection(SolutionConfigurationPlatforms) = preSolution
		Debug|Any CPU = Debug|Any CPU
		Release|Any CPU = Release|Any CPU
	EndGlobalSection
	GlobalSection(ProjectConfigurationPlatforms) = postSolution
		{8E86BC51-8A92-44B4-9BA0-6EE2E5763B4B}.Debug|Any CPU.ActiveCfg = Debug|Any CPU
		{8E86BC51-8A92-44B4-9BA0-6EE2E5763B4B}.Debug|Any CPU.Build.0 = Debug|Any CPU
		{8E86BC51-8A92-44B4-9BA0-6EE2E5763B4B}.Release|Any CPU.ActiveCfg = Release|Any CPU
		{8E86BC51-8A92-44B4-9BA0-6EE2E5763B4B}.Release|Any CPU.Build.0 = Release|Any CPU
		{66CFABA2-80CA-4E8A-8126-27E13FCC900A}.Debug|Any CPU.ActiveCfg = Debug|Any CPU
		{66CFABA2-80CA-4E8A-8126-27E13FCC900A}.Debug|Any CPU.Build.0 = Debug|Any CPU
		{66CFABA2-80CA-4E8A-8126-27E13FCC900A}.Release|Any CPU.ActiveCfg = Release|Any CPU
		{66CFABA2-80CA-4E8A-8126-27E13FCC900A}.Release|Any CPU.Build.0 = Release|Any CPU
		{4E63A260-EB74-4EA6-AD7D-4072DB702046}.Debug|Any CPU.ActiveCfg = Debug|Any CPU
		{4E63A260-EB74-4EA6-AD7D-4072DB702046}.Debug|Any CPU.Build.0 = Debug|Any CPU
		{4E63A260-EB74-4EA6-AD7D-4072DB702046}.Release|Any CPU.ActiveCfg = Release|Any CPU
		{4E63A260-EB74-4EA6-AD7D-4072DB702046}.Release|Any CPU.Build.0 = Release|Any CPU
		{002063D1-5DD6-456D-9335-B9DECC12A147}.Debug|Any CPU.ActiveCfg = Debug|Any CPU
		{002063D1-5DD6-456D-9335-B9DECC12A147}.Debug|Any CPU.Build.0 = Debug|Any CPU
		{002063D1-5DD6-456D-9335-B9DECC12A147}.Release|Any CPU.ActiveCfg = Release|Any CPU
		{002063D1-5DD6-456D-9335-B9DECC12A147}.Release|Any CPU.Build.0 = Release|Any CPU
		{9E55A802-0E64-4A6D-A5F7-A7800515BF73}.Debug|Any CPU.ActiveCfg = Debug|Any CPU
		{9E55A802-0E64-4A6D-A5F7-A7800515BF73}.Debug|Any CPU.Build.0 = Debug|Any CPU
		{9E55A802-0E64-4A6D-A5F7-A7800515BF73}.Release|Any CPU.ActiveCfg = Release|Any CPU
		{9E55A802-0E64-4A6D-A5F7-A7800515BF73}.Release|Any CPU.Build.0 = Release|Any CPU
	EndGlobalSection
	GlobalSection(SolutionProperties) = preSolution
		HideSolutionNode = FALSE
	EndGlobalSection
	GlobalSection(ExtensibilityGlobals) = postSolution
		SolutionGuid = {F143C042-08DF-47D7-82BF-BDC057CDADDF}
	EndGlobalSection
EndGlobal
